# Tested resolution: Linux x86_64, Python 3.10, 2026-09-09.
# Install these first, then pip install --no-deps -e .
annotated-types==0.8.0
bitarray==3.11.0
ckzg==2.1.8
coincurve==21.0.0
cytoolz==1.1.0
eth-account==0.14.0
eth-hash==0.8.0
eth-keyfile==0.10.0
eth-keys==0.8.0
eth-rlp==3.0.0
eth-typing==6.0.0
eth-utils==6.0.0
eth_abi==6.0.0
hexbytes==2.0.0
parsimonious==0.10.0
py-ecc==8.0.0
pycryptodome==3.23.0
pydantic==2.13.5
pydantic_core==2.46.5
PyMySQL==1.1.2
regex==2026.9.3
rlp==5.0.0
toolz==1.1.0
typing-inspection==0.4.4
typing_extensions==4.16.0
websockets==15.0.1
